// !$*UTF8*$!
{
	archiveVersion = 1;
	classes = {
	};
	objectVersion = 50;
	objects = {

/* Begin PBXBuildFile section */
		46520680227E6C3500FB7104 /* Vector2.swift in Sources */ = {isa = PBXBuildFile; fileRef = 4652067F227E6C3500FB7104 /* Vector2.swift */; };
		46520682227E6CF900FB7104 /* Scalar.swift in Sources */ = {isa = PBXBuildFile; fileRef = 46520681227E6CF900FB7104 /* Scalar.swift */; };
		46520685227E72A500FB7104 /* Matrix3x3.swift in Sources */ = {isa = PBXBuildFile; fileRef = 46520684227E72A500FB7104 /* Matrix3x3.swift */; };
		46520687227E770300FB7104 /* Vector3.swift in Sources */ = {isa = PBXBuildFile; fileRef = 46520686227E770300FB7104 /* Vector3.swift */; };
		46520689227E78BB00FB7104 /* Matrix4x4.swift in Sources */ = {isa = PBXBuildFile; fileRef = 46520688227E78BB00FB7104 /* Matrix4x4.swift */; };
		4652068B227E7E4100FB7104 /* Vector4.swift in Sources */ = {isa = PBXBuildFile; fileRef = 4652068A227E7E4100FB7104 /* Vector4.swift */; };
		4652068D227E7F9500FB7104 /* Quaternion.swift in Sources */ = {isa = PBXBuildFile; fileRef = 4652068C227E7F9500FB7104 /* Quaternion.swift */; };
		FC07F6A7227C79BC00799A49 /* AppDelegate.swift in Sources */ = {isa = PBXBuildFile; fileRef = FC07F6A6227C79BC00799A49 /* AppDelegate.swift */; };
		FC07F6A9227C79BC00799A49 /* ViewController.swift in Sources */ = {isa = PBXBuildFile; fileRef = FC07F6A8227C79BC00799A49 /* ViewController.swift */; };
		FC07F6AC227C79BC00799A49 /* Main.storyboard in Resources */ = {isa = PBXBuildFile; fileRef = FC07F6AA227C79BC00799A49 /* Main.storyboard */; };
		FC07F6AE227C79BE00799A49 /* Assets.xcassets in Resources */ = {isa = PBXBuildFile; fileRef = FC07F6AD227C79BE00799A49 /* Assets.xcassets */; };
		FC07F6B1227C79BE00799A49 /* LaunchScreen.storyboard in Resources */ = {isa = PBXBuildFile; fileRef = FC07F6AF227C79BE00799A49 /* LaunchScreen.storyboard */; };
/* End PBXBuildFile section */

/* Begin PBXFileReference section */
		4652067F227E6C3500FB7104 /* Vector2.swift */ = {isa = PBXFileReference; lastKnownFileType = sourcecode.swift; path = Vector2.swift; sourceTree = "<group>"; };
		46520681227E6CF900FB7104 /* Scalar.swift */ = {isa = PBXFileReference; lastKnownFileType = sourcecode.swift; path = Scalar.swift; sourceTree = "<group>"; };
		46520684227E72A500FB7104 /* Matrix3x3.swift */ = {isa = PBXFileReference; lastKnownFileType = sourcecode.swift; path = Matrix3x3.swift; sourceTree = "<group>"; };
		46520686227E770300FB7104 /* Vector3.swift */ = {isa = PBXFileReference; lastKnownFileType = sourcecode.swift; path = Vector3.swift; sourceTree = "<group>"; };
		46520688227E78BB00FB7104 /* Matrix4x4.swift */ = {isa = PBXFileReference; lastKnownFileType = sourcecode.swift; path = Matrix4x4.swift; sourceTree = "<group>"; };
		4652068A227E7E4100FB7104 /* Vector4.swift */ = {isa = PBXFileReference; lastKnownFileType = sourcecode.swift; path = Vector4.swift; sourceTree = "<group>"; };
		4652068C227E7F9500FB7104 /* Quaternion.swift */ = {isa = PBXFileReference; lastKnownFileType = sourcecode.swift; path = Quaternion.swift; sourceTree = "<group>"; };
		FC07F6A3227C79BC00799A49 /* MathKit.app */ = {isa = PBXFileReference; explicitFileType = wrapper.application; includeInIndex = 0; path = MathKit.app; sourceTree = BUILT_PRODUCTS_DIR; };
		FC07F6A6227C79BC00799A49 /* AppDelegate.swift */ = {isa = PBXFileReference; lastKnownFileType = sourcecode.swift; path = AppDelegate.swift; sourceTree = "<group>"; };
		FC07F6A8227C79BC00799A49 /* ViewController.swift */ = {isa = PBXFileReference; lastKnownFileType = sourcecode.swift; path = ViewController.swift; sourceTree = "<group>"; };
		FC07F6AB227C79BC00799A49 /* Base */ = {isa = PBXFileReference; lastKnownFileType = file.storyboard; name = Base; path = Base.lproj/Main.storyboard; sourceTree = "<group>"; };
		FC07F6AD227C79BE00799A49 /* Assets.xcassets */ = {isa = PBXFileReference; lastKnownFileType = folder.assetcatalog; path = Assets.xcassets; sourceTree = "<group>"; };
		FC07F6B0227C79BE00799A49 /* Base */ = {isa = PBXFileReference; lastKnownFileType = file.storyboard; name = Base; path = Base.lproj/LaunchScreen.storyboard; sourceTree = "<group>"; };
		FC07F6B2227C79BE00799A49 /* Info.plist */ = {isa = PBXFileReference; lastKnownFileType = text.plist.xml; path = Info.plist; sourceTree = "<group>"; };
/* End PBXFileReference section */

/* Begin PBXFrameworksBuildPhase section */
		FC07F6A0227C79BC00799A49 /* Frameworks */ = {
			isa = PBXFrameworksBuildPhase;
			buildActionMask = 2147483647;
			files = (
			);
			runOnlyForDeploymentPostprocessing = 0;
		};
/* End PBXFrameworksBuildPhase section */

/* Begin PBXGroup section */
		46520683227E6D8A00FB7104 /* Math */ = {
			isa = PBXGroup;
			children = (
				46520684227E72A500FB7104 /* Matrix3x3.swift */,
				46520688227E78BB00FB7104 /* Matrix4x4.swift */,
				4652068C227E7F9500FB7104 /* Quaternion.swift */,
				46520681227E6CF900FB7104 /* Scalar.swift */,
				4652067F227E6C3500FB7104 /* Vector2.swift */,
				46520686227E770300FB7104 /* Vector3.swift */,
				4652068A227E7E4100FB7104 /* Vector4.swift */,
			);
			path = Math;
			sourceTree = "<group>";
		};
		FC07F69A227C79BC00799A49 = {
			isa = PBXGroup;
			children = (
				FC07F6A5227C79BC00799A49 /* MathKit */,
				FC07F6A4227C79BC00799A49 /* Products */,
			);
			sourceTree = "<group>";
		};
		FC07F6A4227C79BC00799A49 /* Products */ = {
			isa = PBXGroup;
			children = (
				FC07F6A3227C79BC00799A49 /* MathKit.app */,
			);
			name = Products;
			sourceTree = "<group>";
		};
		FC07F6A5227C79BC00799A49 /* MathKit */ = {
			isa = PBXGroup;
			children = (
				46520683227E6D8A00FB7104 /* Math */,
				FC07F6A6227C79BC00799A49 /* AppDelegate.swift */,
				FC07F6A8227C79BC00799A49 /* ViewController.swift */,
				FC07F6AA227C79BC00799A49 /* Main.storyboard */,
				FC07F6AD227C79BE00799A49 /* Assets.xcassets */,
				FC07F6AF227C79BE00799A49 /* LaunchScreen.storyboard */,
				FC07F6B2227C79BE00799A49 /* Info.plist */,
			);
			path = MathKit;
			sourceTree = "<group>";
		};
/* End PBXGroup section */

/* Begin PBXNativeTarget section */
		FC07F6A2227C79BC00799A49 /* MathKit */ = {
			isa = PBXNativeTarget;
			buildConfigurationList = FC07F6B5227C79BE00799A49 /* Build configuration list for PBXNativeTarget "MathKit" */;
			buildPhases = (
				FC07F69F227C79BC00799A49 /* Sources */,
				FC07F6A0227C79BC00799A49 /* Frameworks */,
				FC07F6A1227C79BC00799A49 /* Resources */,
			);
			buildRules = (
			);
			dependencies = (
			);
			name = MathKit;
			productName = MathKit;
			productReference = FC07F6A3227C79BC00799A49 /* MathKit.app */;
			productType = "com.apple.product-type.application";
		};
/* End PBXNativeTarget section */

/* Begin PBXProject section */
		FC07F69B227C79BC00799A49 /* Project object */ = {
			isa = PBXProject;
			attributes = {
				LastSwiftUpdateCheck = 1010;
				LastUpgradeCheck = 1010;
				ORGANIZATIONNAME = "Marcelo Chaves";
				TargetAttributes = {
					FC07F6A2227C79BC00799A49 = {
						CreatedOnToolsVersion = 10.1;
					};
				};
			};
			buildConfigurationList = FC07F69E227C79BC00799A49 /* Build configuration list for PBXProject "MathKit" */;
			compatibilityVersion = "Xcode 9.3";
			developmentRegion = en;
			hasScannedForEncodings = 0;
			knownRegions = (
				en,
				Base,
			);
			mainGroup = FC07F69A227C79BC00799A49;
			productRefGroup = FC07F6A4227C79BC00799A49 /* Products */;
			projectDirPath = "";
			projectRoot = "";
			targets = (
				FC07F6A2227C79BC00799A49 /* MathKit */,
			);
		};
/* End PBXProject section */

/* Begin PBXResourcesBuildPhase section */
		FC07F6A1227C79BC00799A49 /* Resources */ = {
			isa = PBXResourcesBuildPhase;
			buildActionMask = 2147483647;
			files = (
				FC07F6B1227C79BE00799A49 /* LaunchScreen.storyboard in Resources */,
				FC07F6AE227C79BE00799A49 /* Assets.xcassets in Resources */,
				FC07F6AC227C79BC00799A49 /* Main.storyboard in Resources */,
			);
			runOnlyForDeploymentPostprocessing = 0;
		};
/* End PBXResourcesBuildPhase section */

/* Begin PBXSourcesBuildPhase section */
		FC07F69F227C79BC00799A49 /* Sources */ = {
			isa = PBXSourcesBuildPhase;
			buildActionMask = 2147483647;
			files = (
				4652068D227E7F9500FB7104 /* Quaternion.swift in Sources */,
				46520689227E78BB00FB7104 /* Matrix4x4.swift in Sources */,
				FC07F6A9227C79BC00799A49 /* ViewController.swift in Sources */,
				46520682227E6CF900FB7104 /* Scalar.swift in Sources */,
				46520680227E6C3500FB7104 /* Vector2.swift in Sources */,
				FC07F6A7227C79BC00799A49 /* AppDelegate.swift in Sources */,
				46520687227E770300FB7104 /* Vector3.swift in Sources */,
				46520685227E72A500FB7104 /* Matrix3x3.swift in Sources */,
				4652068B227E7E4100FB7104 /* Vector4.swift in Sources */,
			);
			runOnlyForDeploymentPostprocessing = 0;
		};
/* End PBXSourcesBuildPhase section */

/* Begin PBXVariantGroup section */
		FC07F6AA227C79BC00799A49 /* Main.storyboard */ = {
			isa = PBXVariantGroup;
			children = (
				FC07F6AB227C79BC00799A49 /* Base */,
			);
			name = Main.storyboard;
			sourceTree = "<group>";
		};
		FC07F6AF227C79BE00799A49 /* LaunchScreen.storyboard */ = {
			isa = PBXVariantGroup;
			children = (
				FC07F6B0227C79BE00799A49 /* Base */,
			);
			name = LaunchScreen.storyboard;
			sourceTree = "<group>";
		};
/* End PBXVariantGroup section */

/* Begin XCBuildConfiguration section */
		FC07F6B3227C79BE00799A49 /* Debug */ = {
			isa = XCBuildConfiguration;
			buildSettings = {
				ALWAYS_SEARCH_USER_PATHS = NO;
				CLANG_ANALYZER_NONNULL = YES;
				CLANG_ANALYZER_NUMBER_OBJECT_CONVERSION = YES_AGGRESSIVE;
				CLANG_CXX_LANGUAGE_STANDARD = "gnu++14";
				CLANG_CXX_LIBRARY = "libc++";
				CLANG_ENABLE_MODULES = YES;
				CLANG_ENABLE_OBJC_ARC = YES;
				CLANG_ENABLE_OBJC_WEAK = YES;
				CLANG_WARN_BLOCK_CAPTURE_AUTORELEASING = YES;
				CLANG_WARN_BOOL_CONVERSION = YES;
				CLANG_WARN_COMMA = YES;
				CLANG_WARN_CONSTANT_CONVERSION = YES;
				CLANG_WARN_DEPRECATED_OBJC_IMPLEMENTATIONS = YES;
				CLANG_WARN_DIRECT_OBJC_ISA_USAGE = YES_ERROR;
				CLANG_WARN_DOCUMENTATION_COMMENTS = YES;
				CLANG_WARN_EMPTY_BODY = YES;
				CLANG_WARN_ENUM_CONVERSION = YES;
				CLANG_WARN_INFINITE_RECURSION = YES;
				CLANG_WARN_INT_CONVERSION = YES;
				CLANG_WARN_NON_LITERAL_NULL_CONVERSION = YES;
				CLANG_WARN_OBJC_IMPLICIT_RETAIN_SELF = YES;
				CLANG_WARN_OBJC_LITERAL_CONVERSION = YES;
				CLANG_WARN_OBJC_ROOT_CLASS = YES_ERROR;
				CLANG_WARN_RANGE_LOOP_ANALYSIS = YES;
				CLANG_WARN_STRICT_PROTOTYPES = YES;
				CLANG_WARN_SUSPICIOUS_MOVE = YES;
				CLANG_WARN_UNGUARDED_AVAILABILITY = YES_AGGRESSIVE;
				CLANG_WARN_UNREACHABLE_CODE = YES;
				CLANG_WARN__DUPLICATE_METHOD_MATCH = YES;
				CODE_SIGN_IDENTITY = "iPhone Developer";
				COPY_PHASE_STRIP = NO;
				DEBUG_INFORMATION_FORMAT = dwarf;
				ENABLE_STRICT_OBJC_MSGSEND = YES;
				ENABLE_TESTABILITY = YES;
				GCC_C_LANGUAGE_STANDARD = gnu11;
				GCC_DYNAMIC_NO_PIC = NO;
				GCC_NO_COMMON_BLOCKS = YES;
				GCC_OPTIMIZATION_LEVEL = 0;
				GCC_PREPROCESSOR_DEFINITIONS = (
					"DEBUG=1",
					"$(inherited)",
				);
				GCC_WARN_64_TO_32_BIT_CONVERSION = YES;
				GCC_WARN_ABOUT_RETURN_TYPE = YES_ERROR;
				GCC_WARN_UNDECLARED_SELECTOR = YES;
				GCC_WARN_UNINITIALIZED_AUTOS = YES_AGGRESSIVE;
				GCC_WARN_UNUSED_FUNCTION = YES;
				GCC_WARN_UNUSED_VARIABLE = YES;
				IPHONEOS_DEPLOYMENT_TARGET = 12.1;
				MTL_ENABLE_DEBUG_INFO = INCLUDE_SOURCE;
				MTL_FAST_MATH = YES;
				ONLY_ACTIVE_ARCH = YES;
				SDKROOT = iphoneos;
				SWIFT_ACTIVE_COMPILATION_CONDITIONS = DEBUG;
				SWIFT_OPTIMIZATION_LEVEL = "-Onone";
			};
			name = Debug;
		};
		FC07F6B4227C79BE00799A49 /* Release */ = {
			isa = XCBuildConfiguration;
			buildSettings = {
				ALWAYS_SEARCH_USER_PATHS = NO;
				CLANG_ANALYZER_NONNULL = YES;
				CLANG_ANALYZER_NUMBER_OBJECT_CONVERSION = YES_AGGRESSIVE;
				CLANG_CXX_LANGUAGE_STANDARD = "gnu++14";
				CLANG_CXX_LIBRARY = "libc++";
				CLANG_ENABLE_MODULES = YES;
				CLANG_ENABLE_OBJC_ARC = YES;
				CLANG_ENABLE_OBJC_WEAK = YES;
				CLANG_WARN_BLOCK_CAPTURE_AUTORELEASING = YES;
				CLANG_WARN_BOOL_CONVERSION = YES;
				CLANG_WARN_COMMA = YES;
				CLANG_WARN_CONSTANT_CONVERSION = YES;
				CLANG_WARN_DEPRECATED_OBJC_IMPLEMENTATIONS = YES;
				CLANG_WARN_DIRECT_OBJC_ISA_USAGE = YES_ERROR;
				CLANG_WARN_DOCUMENTATION_COMMENTS = YES;
				CLANG_WARN_EMPTY_BODY = YES;
				CLANG_WARN_ENUM_CONVERSION = YES;
				CLANG_WARN_INFINITE_RECURSION = YES;
				CLANG_WARN_INT_CONVERSION = YES;
				CLANG_WARN_NON_LITERAL_NULL_CONVERSION = YES;
				CLANG_WARN_OBJC_IMPLICIT_RETAIN_SELF = YES;
				CLANG_WARN_OBJC_LITERAL_CONVERSION = YES;
				CLANG_WARN_OBJC_ROOT_CLASS = YES_ERROR;
				CLANG_WARN_RANGE_LOOP_ANALYSIS = YES;
				CLANG_WARN_STRICT_PROTOTYPES = YES;
				CLANG_WARN_SUSPICIOUS_MOVE = YES;
				CLANG_WARN_UNGUARDED_AVAILABILITY = YES_AGGRESSIVE;
				CLANG_WARN_UNREACHABLE_CODE = YES;
				CLANG_WARN__DUPLICATE_METHOD_MATCH = YES;
				CODE_SIGN_IDENTITY = "iPhone Developer";
				COPY_PHASE_STRIP = NO;
				DEBUG_INFORMATION_FORMAT = "dwarf-with-dsym";
				ENABLE_NS_ASSERTIONS = NO;
				ENABLE_STRICT_OBJC_MSGSEND = YES;
				GCC_C_LANGUAGE_STANDARD = gnu11;
				GCC_NO_COMMON_BLOCKS = YES;
				GCC_WARN_64_TO_32_BIT_CONVERSION = YES;
				GCC_WARN_ABOUT_RETURN_TYPE = YES_ERROR;
				GCC_WARN_UNDECLARED_SELECTOR = YES;
				GCC_WARN_UNINITIALIZED_AUTOS = YES_AGGRESSIVE;
				GCC_WARN_UNUSED_FUNCTION = YES;
				GCC_WARN_UNUSED_VARIABLE = YES;
				IPHONEOS_DEPLOYMENT_TARGET = 12.1;
				MTL_ENABLE_DEBUG_INFO = NO;
				MTL_FAST_MATH = YES;
				SDKROOT = iphoneos;
				SWIFT_COMPILATION_MODE = wholemodule;
				SWIFT_OPTIMIZATION_LEVEL = "-O";
				VALIDATE_PRODUCT = YES;
			};
			name = Release;
		};
		FC07F6B6227C79BE00799A49 /* Debug */ = {
			isa = XCBuildConfiguration;
			buildSettings = {
				ASSETCATALOG_COMPILER_APPICON_NAME = AppIcon;
				CODE_SIGN_STYLE = Automatic;
				DEVELOPMENT_TEAM = 4S2B7A2756;
				INFOPLIST_FILE = MathKit/Info.plist;
				LD_RUNPATH_SEARCH_PATHS = (
					"$(inherited)",
					"@executable_path/Frameworks",
				);
				PRODUCT_BUNDLE_IDENTIFIER = com.chavesmarcelo.MathKit;
				PRODUCT_NAME = "$(TARGET_NAME)";
				SWIFT_VERSION = 4.2;
				TARGETED_DEVICE_FAMILY = "1,2";
			};
			name = Debug;
		};
		FC07F6B7227C79BE00799A49 /* Release */ = {
			isa = XCBuildConfiguration;
			buildSettings = {
				ASSETCATALOG_COMPILER_APPICON_NAME = AppIcon;
				CODE_SIGN_STYLE = Automatic;
				DEVELOPMENT_TEAM = 4S2B7A2756;
				INFOPLIST_FILE = MathKit/Info.plist;
				LD_RUNPATH_SEARCH_PATHS = (
					"$(inherited)",
					"@executable_path/Frameworks",
				);
				PRODUCT_BUNDLE_IDENTIFIER = com.chavesmarcelo.MathKit;
				PRODUCT_NAME = "$(TARGET_NAME)";
				SWIFT_VERSION = 4.2;
				TARGETED_DEVICE_FAMILY = "1,2";
			};
			name = Release;
		};
/* End XCBuildConfiguration section */

/* Begin XCConfigurationList section */
		FC07F69E227C79BC00799A49 /* Build configuration list for PBXProject "MathKit" */ = {
			isa = XCConfigurationList;
			buildConfigurations = (
				FC07F6B3227C79BE00799A49 /* Debug */,
				FC07F6B4227C79BE00799A49 /* Release */,
			);
			defaultConfigurationIsVisible = 0;
			defaultConfigurationName = Release;
		};
		FC07F6B5227C79BE00799A49 /* Build configuration list for PBXNativeTarget "MathKit" */ = {
			isa = XCConfigurationList;
			buildConfigurations = (
				FC07F6B6227C79BE00799A49 /* Debug */,
				FC07F6B7227C79BE00799A49 /* Release */,
			);
			defaultConfigurationIsVisible = 0;
			defaultConfigurationName = Release;
		};
/* End XCConfigurationList section */
	};
	rootObject = FC07F69B227C79BC00799A49 /* Project object */;
}
